
Microsoft Visual Studio Solution File, Format Version 12.00
# Visual Studio Version 17
VisualStudioVersion = 17.7.34202.233
MinimumVisualStudioVersion = 10.0.40219.1
Project("{9A19103F-16F7-4668-BE54-9A1E7A4F7556}") = "DataAccess", "DataAccess\DataAccess.csproj", "{F7737471-853F-4F21-B943-7B8E6E76B599}"
EndProject
Project("{9A19103F-16F7-4668-BE54-9A1E7A4F7556}") = "Business", "Business\Business.csproj", "{22742C9A-251B-4516-AB08-69EBDF48E025}"
EndProject
Project("{9A19103F-16F7-4668-BE54-9A1E7A4F7556}") = "Entities", "Entities\Entities.csproj", "{47E527D2-EE41-42EE-A92B-4B7E238BF9A5}"
EndProject
Project("{9A19103F-16F7-4668-BE54-9A1E7A4F7556}") = "ConsoleUI", "ConsoleUI\ConsoleUI.csproj", "{6D066CA1-F7D4-40AD-AE5C-88DDE7F23AD3}"
EndProject
Project("{9A19103F-16F7-4668-BE54-9A1E7A4F7556}") = "Core", "Core\Core.csproj", "{547A2E7D-1474-4181-B8CA-84C31971A9EF}"
EndProject
Project("{9A19103F-16F7-4668-BE54-9A1E7A4F7556}") = "WebAPI1", "WebAPI1\WebAPI1.csproj", "{2C40B600-476C-4D34-9DEF-2B99DD46D4FD}"
EndProject
Project("{9A19103F-16F7-4668-BE54-9A1E7A4F7556}") = "WebAPI3", "WebAPI3\WebAPI3.csproj", "{34710FB2-8C0A-46B2-A1E6-8E9103B2368C}"
EndProject
Global
	GlobalSection(SolutionConfigurationPlatforms) = preSolution
		Debug|Any CPU = Debug|Any CPU
		Release|Any CPU = Release|Any CPU
	EndGlobalSection
	GlobalSection(ProjectConfigurationPlatforms) = postSolution
		{F7737471-853F-4F21-B943-7B8E6E76B599}.Debug|Any CPU.ActiveCfg = Debug|Any CPU
		{F7737471-853F-4F21-B943-7B8E6E76B599}.Debug|Any CPU.Build.0 = Debug|Any CPU
		{F7737471-853F-4F21-B943-7B8E6E76B599}.Release|Any CPU.ActiveCfg = Release|Any CPU
		{F7737471-853F-4F21-B943-7B8E6E76B599}.Release|Any CPU.Build.0 = Release|Any CPU
		{22742C9A-251B-4516-AB08-69EBDF48E025}.Debug|Any CPU.ActiveCfg = Debug|Any CPU
		{22742C9A-251B-4516-AB08-69EBDF48E025}.Debug|Any CPU.Build.0 = Debug|Any CPU
		{22742C9A-251B-4516-AB08-69EBDF48E025}.Release|Any CPU.ActiveCfg = Release|Any CPU
		{22742C9A-251B-4516-AB08-69EBDF48E025}.Release|Any CPU.Build.0 = Release|Any CPU
		{47E527D2-EE41-42EE-A92B-4B7E238BF9A5}.Debug|Any CPU.ActiveCfg = Debug|Any CPU
		{47E527D2-EE41-42EE-A92B-4B7E238BF9A5}.Debug|Any CPU.Build.0 = Debug|Any CPU
		{47E527D2-EE41-42EE-A92B-4B7E238BF9A5}.Release|Any CPU.ActiveCfg = Release|Any CPU
		{47E527D2-EE41-42EE-A92B-4B7E238BF9A5}.Release|Any CPU.Build.0 = Release|Any CPU
		{6D066CA1-F7D4-40AD-AE5C-88DDE7F23AD3}.Debug|Any CPU.ActiveCfg = Debug|Any CPU
		{6D066CA1-F7D4-40AD-AE5C-88DDE7F23AD3}.Debug|Any CPU.Build.0 = Debug|Any CPU
		{6D066CA1-F7D4-40AD-AE5C-88DDE7F23AD3}.Release|Any CPU.ActiveCfg = Release|Any CPU
		{6D066CA1-F7D4-40AD-AE5C-88DDE7F23AD3}.Release|Any CPU.Build.0 = Release|Any CPU
		{547A2E7D-1474-4181-B8CA-84C31971A9EF}.Debug|Any CPU.ActiveCfg = Debug|Any CPU
		{547A2E7D-1474-4181-B8CA-84C31971A9EF}.Debug|Any CPU.Build.0 = Debug|Any CPU
		{547A2E7D-1474-4181-B8CA-84C31971A9EF}.Release|Any CPU.ActiveCfg = Release|Any CPU
		{547A2E7D-1474-4181-B8CA-84C31971A9EF}.Release|Any CPU.Build.0 = Release|Any CPU
		{2C40B600-476C-4D34-9DEF-2B99DD46D4FD}.Debug|Any CPU.ActiveCfg = Debug|Any CPU
		{2C40B600-476C-4D34-9DEF-2B99DD46D4FD}.Debug|Any CPU.Build.0 = Debug|Any CPU
		{2C40B600-476C-4D34-9DEF-2B99DD46D4FD}.Release|Any CPU.ActiveCfg = Release|Any CPU
		{2C40B600-476C-4D34-9DEF-2B99DD46D4FD}.Release|Any CPU.Build.0 = Release|Any CPU
		{34710FB2-8C0A-46B2-A1E6-8E9103B2368C}.Debug|Any CPU.ActiveCfg = Debug|Any CPU
		{34710FB2-8C0A-46B2-A1E6-8E9103B2368C}.Debug|Any CPU.Build.0 = Debug|Any CPU
		{34710FB2-8C0A-46B2-A1E6-8E9103B2368C}.Release|Any CPU.ActiveCfg = Release|Any CPU
		{34710FB2-8C0A-46B2-A1E6-8E9103B2368C}.Release|Any CPU.Build.0 = Release|Any CPU
	EndGlobalSection
	GlobalSection(SolutionProperties) = preSolution
		HideSolutionNode = FALSE
	EndGlobalSection
	GlobalSection(ExtensibilityGlobals) = postSolution
		SolutionGuid = {14846839-B291-418F-BCCE-523CDF518FA8}
	EndGlobalSection
EndGlobal
